
Microsoft Visual Studio Solution File, Format Version 12.00
# Visual Studio Version 16
VisualStudioVersion = 16.0.30011.22
MinimumVisualStudioVersion = 10.0.40219.1
Project("{FAE04EC0-301F-11D3-BF4B-00C04F79EFBC}") = "MS Test Project", "MS Test Project\MS Test Project.csproj", "{527A1B4B-37C6-4966-A314-13546576B70F}"
EndProject
Global
	GlobalSection(SolutionConfigurationPlatforms) = preSolution
		Debug|Any CPU = Debug|Any CPU
		Release|Any CPU = Release|Any CPU
	EndGlobalSection
	GlobalSection(ProjectConfigurationPlatforms) = postSolution
		{527A1B4B-37C6-4966-A314-13546576B70F}.Debug|Any CPU.ActiveCfg = Debug|Any CPU
		{527A1B4B-37C6-4966-A314-13546576B70F}.Debug|Any CPU.Build.0 = Debug|Any CPU
		{527A1B4B-37C6-4966-A314-13546576B70F}.Release|Any CPU.ActiveCfg = Release|Any CPU
		{527A1B4B-37C6-4966-A314-13546576B70F}.Release|Any CPU.Build.0 = Release|Any CPU
	EndGlobalSection
	GlobalSection(SolutionProperties) = preSolution
		HideSolutionNode = FALSE
	EndGlobalSection
	GlobalSection(ExtensibilityGlobals) = postSolution
		SolutionGuid = {9DE712B7-6676-41F2-B011-B9DAD9367F73}
	EndGlobalSection
EndGlobal
